
Microsoft Visual Studio Solution File, Format Version 12.00
# Visual Studio Version 17
VisualStudioVersion = 17.0.31903.59
MinimumVisualStudioVersion = 10.0.40219.1
Project("{2150E333-8FDC-42A3-9474-1A3956D46DE8}") = "NexaCRM.Service", "NexaCRM.Service", "{2D29D54F-4F9D-4F5B-B3D6-9B5E2451B6F4}"
EndProject
Project("{2150E333-8FDC-42A3-9474-1A3956D46DE8}") = "NexaCRM.BuildingBlocks", "NexaCRM.BuildingBlocks", "{CFA77E7B-4C9E-4F82-B707-6D18ACF0A5D5}"
EndProject
Project("{2150E333-8FDC-42A3-9474-1A3956D46DE8}") = "NexaCRM.ApiGateway", "NexaCRM.ApiGateway", "{4D6A39C6-1E63-4BCA-9B12-2540A1F0E913}"
EndProject
Project("{FAE04EC0-301F-11D3-BF4B-00C04F79EFBC}") = "NexaCrm.ApiGateway", "src\NexaCRM.ApiGateway\NexaCrm.ApiGateway.csproj", "{A1A1A1A1-1111-1111-1111-111111111111}"
EndProject
Project("{FAE04EC0-301F-11D3-BF4B-00C04F79EFBC}") = "BuildingBlocks.EventBus", "src\NexaCRM.BuildingBlocks\EventBus\BuildingBlocks.EventBus.csproj", "{B2B2B2B2-2222-2222-2222-222222222222}"
EndProject
Project("{FAE04EC0-301F-11D3-BF4B-00C04F79EFBC}") = "BuildingBlocks.Common", "src\NexaCRM.BuildingBlocks\Common\BuildingBlocks.Common.csproj", "{C3C3C3C3-3333-3333-3333-333333333333}"
EndProject
Project("{FAE04EC0-301F-11D3-BF4B-00C04F79EFBC}") = "Services.Admin.Core", "src\NexaCRM.Service\Admin.Core\Services.Admin.Core.csproj", "{5597EC33-A95A-4ADA-BE7C-21C57CCCCB03}"
EndProject
Project("{FAE04EC0-301F-11D3-BF4B-00C04F79EFBC}") = "Services.Admin.Abstractions", "src\NexaCRM.Service\Admin.Abstractions\Services.Admin.Abstractions.csproj", "{548BAD82-FD96-4182-BC0D-8F15B41045E0}"
EndProject
Project("{FAE04EC0-301F-11D3-BF4B-00C04F79EFBC}") = "NexaCRM.WebClient", "src\Web\NexaCRM.WebClient\NexaCRM.WebClient.csproj", "{A7A7A7A7-7777-7777-7777-777777777777}"
EndProject
Project("{FAE04EC0-301F-11D3-BF4B-00C04F79EFBC}") = "NexaCRM.WebClient.UnitTests", "tests\NexaCRM.WebClient.UnitTests\NexaCRM.WebClient.UnitTests.csproj", "{C9C9C9C9-9999-9999-9999-999999999999}"
EndProject
Project("{FAE04EC0-301F-11D3-BF4B-00C04F79EFBC}") = "NexaCrm.ApiGateway.UnitTests", "tests\NexaCrm.ApiGateway.UnitTests\NexaCrm.ApiGateway.UnitTests.csproj", "{F2F2F2F2-2222-2222-2222-222222222222}"
EndProject
Project("{FAE04EC0-301F-11D3-BF4B-00C04F79EFBC}") = "BuildingBlocks.Common.UnitTests", "tests\BuildingBlocks.Common.UnitTests\BuildingBlocks.Common.UnitTests.csproj", "{A3A3A3A3-3333-3333-3333-333333333333}"
EndProject
Project("{FAE04EC0-301F-11D3-BF4B-00C04F79EFBC}") = "BuildingBlocks.EventBus.UnitTests", "tests\BuildingBlocks.EventBus.UnitTests\BuildingBlocks.EventBus.UnitTests.csproj", "{B4B4B4B4-4444-4444-4444-444444444444}"
EndProject
Project("{FAE04EC0-301F-11D3-BF4B-00C04F79EFBC}") = "NexaCRM.UI", "src\Web\NexaCRM.UI\NexaCRM.UI.csproj", "{950694F0-1CFD-4C50-8D5C-6602E1156024}"
EndProject
Project("{FAE04EC0-301F-11D3-BF4B-00C04F79EFBC}") = "NexaCRM.WebServer", "src\Web\NexaCRM.WebServer\NexaCRM.WebServer.csproj", "{B87A9682-D690-4640-AE19-BA209DA635A8}"
EndProject
Global
	GlobalSection(SolutionConfigurationPlatforms) = preSolution
		Debug|Any CPU = Debug|Any CPU
		Debug|x64 = Debug|x64
		Debug|x86 = Debug|x86
		Release|Any CPU = Release|Any CPU
		Release|x64 = Release|x64
		Release|x86 = Release|x86
	EndGlobalSection
	GlobalSection(ProjectConfigurationPlatforms) = postSolution
		{A1A1A1A1-1111-1111-1111-111111111111}.Debug|Any CPU.ActiveCfg = Debug|Any CPU
		{A1A1A1A1-1111-1111-1111-111111111111}.Debug|Any CPU.Build.0 = Debug|Any CPU
		{A1A1A1A1-1111-1111-1111-111111111111}.Debug|x64.ActiveCfg = Debug|Any CPU
		{A1A1A1A1-1111-1111-1111-111111111111}.Debug|x64.Build.0 = Debug|Any CPU
		{A1A1A1A1-1111-1111-1111-111111111111}.Debug|x86.ActiveCfg = Debug|Any CPU
		{A1A1A1A1-1111-1111-1111-111111111111}.Debug|x86.Build.0 = Debug|Any CPU
		{A1A1A1A1-1111-1111-1111-111111111111}.Release|Any CPU.ActiveCfg = Release|Any CPU
		{A1A1A1A1-1111-1111-1111-111111111111}.Release|Any CPU.Build.0 = Release|Any CPU
		{A1A1A1A1-1111-1111-1111-111111111111}.Release|x64.ActiveCfg = Release|Any CPU
		{A1A1A1A1-1111-1111-1111-111111111111}.Release|x64.Build.0 = Release|Any CPU
		{A1A1A1A1-1111-1111-1111-111111111111}.Release|x86.ActiveCfg = Release|Any CPU
		{A1A1A1A1-1111-1111-1111-111111111111}.Release|x86.Build.0 = Release|Any CPU
		{B2B2B2B2-2222-2222-2222-222222222222}.Debug|Any CPU.ActiveCfg = Debug|Any CPU
		{B2B2B2B2-2222-2222-2222-222222222222}.Debug|Any CPU.Build.0 = Debug|Any CPU
		{B2B2B2B2-2222-2222-2222-222222222222}.Debug|x64.ActiveCfg = Debug|Any CPU
		{B2B2B2B2-2222-2222-2222-222222222222}.Debug|x64.Build.0 = Debug|Any CPU
		{B2B2B2B2-2222-2222-2222-222222222222}.Debug|x86.ActiveCfg = Debug|Any CPU
		{B2B2B2B2-2222-2222-2222-222222222222}.Debug|x86.Build.0 = Debug|Any CPU
		{B2B2B2B2-2222-2222-2222-222222222222}.Release|Any CPU.ActiveCfg = Release|Any CPU
		{B2B2B2B2-2222-2222-2222-222222222222}.Release|Any CPU.Build.0 = Release|Any CPU
		{B2B2B2B2-2222-2222-2222-222222222222}.Release|x64.ActiveCfg = Release|Any CPU
		{B2B2B2B2-2222-2222-2222-222222222222}.Release|x64.Build.0 = Release|Any CPU
		{B2B2B2B2-2222-2222-2222-222222222222}.Release|x86.ActiveCfg = Release|Any CPU
		{B2B2B2B2-2222-2222-2222-222222222222}.Release|x86.Build.0 = Release|Any CPU
		{C3C3C3C3-3333-3333-3333-333333333333}.Debug|Any CPU.ActiveCfg = Debug|Any CPU
		{C3C3C3C3-3333-3333-3333-333333333333}.Debug|Any CPU.Build.0 = Debug|Any CPU
		{C3C3C3C3-3333-3333-3333-333333333333}.Debug|x64.ActiveCfg = Debug|Any CPU
		{C3C3C3C3-3333-3333-3333-333333333333}.Debug|x64.Build.0 = Debug|Any CPU
		{C3C3C3C3-3333-3333-3333-333333333333}.Debug|x86.ActiveCfg = Debug|Any CPU
		{C3C3C3C3-3333-3333-3333-333333333333}.Debug|x86.Build.0 = Debug|Any CPU
		{C3C3C3C3-3333-3333-3333-333333333333}.Release|Any CPU.ActiveCfg = Release|Any CPU
		{C3C3C3C3-3333-3333-3333-333333333333}.Release|Any CPU.Build.0 = Release|Any CPU
		{C3C3C3C3-3333-3333-3333-333333333333}.Release|x64.ActiveCfg = Release|Any CPU
		{C3C3C3C3-3333-3333-3333-333333333333}.Release|x64.Build.0 = Release|Any CPU
		{C3C3C3C3-3333-3333-3333-333333333333}.Release|x86.ActiveCfg = Release|Any CPU
		{C3C3C3C3-3333-3333-3333-333333333333}.Release|x86.Build.0 = Release|Any CPU
		{5597EC33-A95A-4ADA-BE7C-21C57CCCCB03}.Debug|Any CPU.ActiveCfg = Debug|Any CPU
		{5597EC33-A95A-4ADA-BE7C-21C57CCCCB03}.Debug|Any CPU.Build.0 = Debug|Any CPU
		{5597EC33-A95A-4ADA-BE7C-21C57CCCCB03}.Debug|x64.ActiveCfg = Debug|Any CPU
		{5597EC33-A95A-4ADA-BE7C-21C57CCCCB03}.Debug|x64.Build.0 = Debug|Any CPU
		{5597EC33-A95A-4ADA-BE7C-21C57CCCCB03}.Debug|x86.ActiveCfg = Debug|Any CPU
		{5597EC33-A95A-4ADA-BE7C-21C57CCCCB03}.Debug|x86.Build.0 = Debug|Any CPU
		{5597EC33-A95A-4ADA-BE7C-21C57CCCCB03}.Release|Any CPU.ActiveCfg = Release|Any CPU
		{5597EC33-A95A-4ADA-BE7C-21C57CCCCB03}.Release|Any CPU.Build.0 = Release|Any CPU
		{5597EC33-A95A-4ADA-BE7C-21C57CCCCB03}.Release|x64.ActiveCfg = Release|Any CPU
		{5597EC33-A95A-4ADA-BE7C-21C57CCCCB03}.Release|x64.Build.0 = Release|Any CPU
		{5597EC33-A95A-4ADA-BE7C-21C57CCCCB03}.Release|x86.ActiveCfg = Release|Any CPU
		{5597EC33-A95A-4ADA-BE7C-21C57CCCCB03}.Release|x86.Build.0 = Release|Any CPU
		{548BAD82-FD96-4182-BC0D-8F15B41045E0}.Debug|Any CPU.ActiveCfg = Debug|Any CPU
		{548BAD82-FD96-4182-BC0D-8F15B41045E0}.Debug|Any CPU.Build.0 = Debug|Any CPU
		{548BAD82-FD96-4182-BC0D-8F15B41045E0}.Debug|x64.ActiveCfg = Debug|Any CPU
		{548BAD82-FD96-4182-BC0D-8F15B41045E0}.Debug|x64.Build.0 = Debug|Any CPU
		{548BAD82-FD96-4182-BC0D-8F15B41045E0}.Debug|x86.ActiveCfg = Debug|Any CPU
		{548BAD82-FD96-4182-BC0D-8F15B41045E0}.Debug|x86.Build.0 = Debug|Any CPU
		{548BAD82-FD96-4182-BC0D-8F15B41045E0}.Release|Any CPU.ActiveCfg = Release|Any CPU
		{548BAD82-FD96-4182-BC0D-8F15B41045E0}.Release|Any CPU.Build.0 = Release|Any CPU
		{548BAD82-FD96-4182-BC0D-8F15B41045E0}.Release|x64.ActiveCfg = Release|Any CPU
		{548BAD82-FD96-4182-BC0D-8F15B41045E0}.Release|x64.Build.0 = Release|Any CPU
		{548BAD82-FD96-4182-BC0D-8F15B41045E0}.Release|x86.ActiveCfg = Release|Any CPU
		{548BAD82-FD96-4182-BC0D-8F15B41045E0}.Release|x86.Build.0 = Release|Any CPU
		{A7A7A7A7-7777-7777-7777-777777777777}.Debug|Any CPU.ActiveCfg = Debug|Any CPU
		{A7A7A7A7-7777-7777-7777-777777777777}.Debug|Any CPU.Build.0 = Debug|Any CPU
		{A7A7A7A7-7777-7777-7777-777777777777}.Debug|x64.ActiveCfg = Debug|Any CPU
		{A7A7A7A7-7777-7777-7777-777777777777}.Debug|x64.Build.0 = Debug|Any CPU
		{A7A7A7A7-7777-7777-7777-777777777777}.Debug|x86.ActiveCfg = Debug|Any CPU
		{A7A7A7A7-7777-7777-7777-777777777777}.Debug|x86.Build.0 = Debug|Any CPU
		{A7A7A7A7-7777-7777-7777-777777777777}.Release|Any CPU.ActiveCfg = Release|Any CPU
		{A7A7A7A7-7777-7777-7777-777777777777}.Release|Any CPU.Build.0 = Release|Any CPU
		{A7A7A7A7-7777-7777-7777-777777777777}.Release|x64.ActiveCfg = Release|Any CPU
		{A7A7A7A7-7777-7777-7777-777777777777}.Release|x64.Build.0 = Release|Any CPU
		{A7A7A7A7-7777-7777-7777-777777777777}.Release|x86.ActiveCfg = Release|Any CPU
		{A7A7A7A7-7777-7777-7777-777777777777}.Release|x86.Build.0 = Release|Any CPU
		{C9C9C9C9-9999-9999-9999-999999999999}.Debug|Any CPU.ActiveCfg = Debug|Any CPU
		{C9C9C9C9-9999-9999-9999-999999999999}.Debug|Any CPU.Build.0 = Debug|Any CPU
		{C9C9C9C9-9999-9999-9999-999999999999}.Debug|x64.ActiveCfg = Debug|Any CPU
		{C9C9C9C9-9999-9999-9999-999999999999}.Debug|x64.Build.0 = Debug|Any CPU
		{C9C9C9C9-9999-9999-9999-999999999999}.Debug|x86.ActiveCfg = Debug|Any CPU
		{C9C9C9C9-9999-9999-9999-999999999999}.Debug|x86.Build.0 = Debug|Any CPU
		{C9C9C9C9-9999-9999-9999-999999999999}.Release|Any CPU.ActiveCfg = Release|Any CPU
		{C9C9C9C9-9999-9999-9999-999999999999}.Release|Any CPU.Build.0 = Release|Any CPU
		{C9C9C9C9-9999-9999-9999-999999999999}.Release|x64.ActiveCfg = Release|Any CPU
		{C9C9C9C9-9999-9999-9999-999999999999}.Release|x64.Build.0 = Release|Any CPU
		{C9C9C9C9-9999-9999-9999-999999999999}.Release|x86.ActiveCfg = Release|Any CPU
		{C9C9C9C9-9999-9999-9999-999999999999}.Release|x86.Build.0 = Release|Any CPU
		{F2F2F2F2-2222-2222-2222-222222222222}.Debug|Any CPU.ActiveCfg = Debug|Any CPU
		{F2F2F2F2-2222-2222-2222-222222222222}.Debug|Any CPU.Build.0 = Debug|Any CPU
		{F2F2F2F2-2222-2222-2222-222222222222}.Debug|x64.ActiveCfg = Debug|Any CPU
		{F2F2F2F2-2222-2222-2222-222222222222}.Debug|x64.Build.0 = Debug|Any CPU
		{F2F2F2F2-2222-2222-2222-222222222222}.Debug|x86.ActiveCfg = Debug|Any CPU
		{F2F2F2F2-2222-2222-2222-222222222222}.Debug|x86.Build.0 = Debug|Any CPU
		{F2F2F2F2-2222-2222-2222-222222222222}.Release|Any CPU.ActiveCfg = Release|Any CPU
		{F2F2F2F2-2222-2222-2222-222222222222}.Release|Any CPU.Build.0 = Release|Any CPU
		{F2F2F2F2-2222-2222-2222-222222222222}.Release|x64.ActiveCfg = Release|Any CPU
		{F2F2F2F2-2222-2222-2222-222222222222}.Release|x64.Build.0 = Release|Any CPU
		{F2F2F2F2-2222-2222-2222-222222222222}.Release|x86.ActiveCfg = Release|Any CPU
		{F2F2F2F2-2222-2222-2222-222222222222}.Release|x86.Build.0 = Release|Any CPU
		{A3A3A3A3-3333-3333-3333-333333333333}.Debug|Any CPU.ActiveCfg = Debug|Any CPU
		{A3A3A3A3-3333-3333-3333-333333333333}.Debug|Any CPU.Build.0 = Debug|Any CPU
		{A3A3A3A3-3333-3333-3333-333333333333}.Debug|x64.ActiveCfg = Debug|Any CPU
		{A3A3A3A3-3333-3333-3333-333333333333}.Debug|x64.Build.0 = Debug|Any CPU
		{A3A3A3A3-3333-3333-3333-333333333333}.Debug|x86.ActiveCfg = Debug|Any CPU
		{A3A3A3A3-3333-3333-3333-333333333333}.Debug|x86.Build.0 = Debug|Any CPU
		{A3A3A3A3-3333-3333-3333-333333333333}.Release|Any CPU.ActiveCfg = Release|Any CPU
		{A3A3A3A3-3333-3333-3333-333333333333}.Release|Any CPU.Build.0 = Release|Any CPU
		{A3A3A3A3-3333-3333-3333-333333333333}.Release|x64.ActiveCfg = Release|Any CPU
		{A3A3A3A3-3333-3333-3333-333333333333}.Release|x64.Build.0 = Release|Any CPU
		{A3A3A3A3-3333-3333-3333-333333333333}.Release|x86.ActiveCfg = Release|Any CPU
		{A3A3A3A3-3333-3333-3333-333333333333}.Release|x86.Build.0 = Release|Any CPU
		{B4B4B4B4-4444-4444-4444-444444444444}.Debug|Any CPU.ActiveCfg = Debug|Any CPU
		{B4B4B4B4-4444-4444-4444-444444444444}.Debug|Any CPU.Build.0 = Debug|Any CPU
		{B4B4B4B4-4444-4444-4444-444444444444}.Debug|x64.ActiveCfg = Debug|Any CPU
		{B4B4B4B4-4444-4444-4444-444444444444}.Debug|x64.Build.0 = Debug|Any CPU
		{B4B4B4B4-4444-4444-4444-444444444444}.Debug|x86.ActiveCfg = Debug|Any CPU
		{B4B4B4B4-4444-4444-4444-444444444444}.Debug|x86.Build.0 = Debug|Any CPU
		{B4B4B4B4-4444-4444-4444-444444444444}.Release|Any CPU.ActiveCfg = Release|Any CPU
		{B4B4B4B4-4444-4444-4444-444444444444}.Release|Any CPU.Build.0 = Release|Any CPU
		{B4B4B4B4-4444-4444-4444-444444444444}.Release|x64.ActiveCfg = Release|Any CPU
		{B4B4B4B4-4444-4444-4444-444444444444}.Release|x64.Build.0 = Release|Any CPU
		{B4B4B4B4-4444-4444-4444-444444444444}.Release|x86.ActiveCfg = Release|Any CPU
		{B4B4B4B4-4444-4444-4444-444444444444}.Release|x86.Build.0 = Release|Any CPU
		{950694F0-1CFD-4C50-8D5C-6602E1156024}.Debug|Any CPU.ActiveCfg = Debug|Any CPU
		{950694F0-1CFD-4C50-8D5C-6602E1156024}.Debug|Any CPU.Build.0 = Debug|Any CPU
		{950694F0-1CFD-4C50-8D5C-6602E1156024}.Debug|x64.ActiveCfg = Debug|Any CPU
		{950694F0-1CFD-4C50-8D5C-6602E1156024}.Debug|x64.Build.0 = Debug|Any CPU
		{950694F0-1CFD-4C50-8D5C-6602E1156024}.Debug|x86.ActiveCfg = Debug|Any CPU
		{950694F0-1CFD-4C50-8D5C-6602E1156024}.Debug|x86.Build.0 = Debug|Any CPU
		{950694F0-1CFD-4C50-8D5C-6602E1156024}.Release|Any CPU.ActiveCfg = Release|Any CPU
		{950694F0-1CFD-4C50-8D5C-6602E1156024}.Release|Any CPU.Build.0 = Release|Any CPU
		{950694F0-1CFD-4C50-8D5C-6602E1156024}.Release|x64.ActiveCfg = Release|Any CPU
		{950694F0-1CFD-4C50-8D5C-6602E1156024}.Release|x64.Build.0 = Release|Any CPU
		{950694F0-1CFD-4C50-8D5C-6602E1156024}.Release|x86.ActiveCfg = Release|Any CPU
		{950694F0-1CFD-4C50-8D5C-6602E1156024}.Release|x86.Build.0 = Release|Any CPU
		{B87A9682-D690-4640-AE19-BA209DA635A8}.Debug|Any CPU.ActiveCfg = Debug|Any CPU
		{B87A9682-D690-4640-AE19-BA209DA635A8}.Debug|Any CPU.Build.0 = Debug|Any CPU
		{B87A9682-D690-4640-AE19-BA209DA635A8}.Debug|x64.ActiveCfg = Debug|Any CPU
		{B87A9682-D690-4640-AE19-BA209DA635A8}.Debug|x64.Build.0 = Debug|Any CPU
		{B87A9682-D690-4640-AE19-BA209DA635A8}.Debug|x86.ActiveCfg = Debug|Any CPU
		{B87A9682-D690-4640-AE19-BA209DA635A8}.Debug|x86.Build.0 = Debug|Any CPU
		{B87A9682-D690-4640-AE19-BA209DA635A8}.Release|Any CPU.ActiveCfg = Release|Any CPU
		{B87A9682-D690-4640-AE19-BA209DA635A8}.Release|Any CPU.Build.0 = Release|Any CPU
		{B87A9682-D690-4640-AE19-BA209DA635A8}.Release|x64.ActiveCfg = Release|Any CPU
		{B87A9682-D690-4640-AE19-BA209DA635A8}.Release|x64.Build.0 = Release|Any CPU
		{B87A9682-D690-4640-AE19-BA209DA635A8}.Release|x86.ActiveCfg = Release|Any CPU
		{B87A9682-D690-4640-AE19-BA209DA635A8}.Release|x86.Build.0 = Release|Any CPU
	EndGlobalSection
	GlobalSection(SolutionProperties) = preSolution
		HideSolutionNode = FALSE
	EndGlobalSection
        GlobalSection(NestedProjects) = preSolution
                {5597EC33-A95A-4ADA-BE7C-21C57CCCCB03} = {2D29D54F-4F9D-4F5B-B3D6-9B5E2451B6F4}
                {548BAD82-FD96-4182-BC0D-8F15B41045E0} = {2D29D54F-4F9D-4F5B-B3D6-9B5E2451B6F4}
                {B2B2B2B2-2222-2222-2222-222222222222} = {CFA77E7B-4C9E-4F82-B707-6D18ACF0A5D5}
                {C3C3C3C3-3333-3333-3333-333333333333} = {CFA77E7B-4C9E-4F82-B707-6D18ACF0A5D5}
                {A1A1A1A1-1111-1111-1111-111111111111} = {4D6A39C6-1E63-4BCA-9B12-2540A1F0E913}
        EndGlobalSection
	GlobalSection(ExtensibilityGlobals) = postSolution
		SolutionGuid = {8A6B0275-6B35-4E44-BC27-6B7B4F4D3C52}
	EndGlobalSection
EndGlobal
